Microsoft Visual Studio Solution File, Format Version 12.00
# Visual Studio Version 17
VisualStudioVersion = 17.5.2.0
MinimumVisualStudioVersion = 10.0.40219.1
Project("{FAE04EC0-301F-11D3-BF4B-00C04F79EFBC}") = "expense-tracker", "expense-tracker.csproj", "{98359DB0-0F2F-461B-3C2E-CBB45B11BE7F}"
EndProject
Global
	GlobalSection(SolutionConfigurationPlatforms) = preSolution
		Debug|Any CPU = Debug|Any CPU
		Release|Any CPU = Release|Any CPU
	EndGlobalSection
	GlobalSection(ProjectConfigurationPlatforms) = postSolution
		{98359DB0-0F2F-461B-3C2E-CBB45B11BE7F}.Debug|Any CPU.ActiveCfg = Debug|Any CPU
		{98359DB0-0F2F-461B-3C2E-CBB45B11BE7F}.Debug|Any CPU.Build.0 = Debug|Any CPU
		{98359DB0-0F2F-461B-3C2E-CBB45B11BE7F}.Release|Any CPU.ActiveCfg = Release|Any CPU
		{98359DB0-0F2F-461B-3C2E-CBB45B11BE7F}.Release|Any CPU.Build.0 = Release|Any CPU
	EndGlobalSection
	GlobalSection(SolutionProperties) = preSolution
		HideSolutionNode = FALSE
	EndGlobalSection
	GlobalSection(ExtensibilityGlobals) = postSolution
		SolutionGuid = {BAD76041-A88F-49BD-8FDE-A4B125DC6792}
	EndGlobalSection
EndGlobal
